schema: '2.0'
stages:
  train:
    cmd: python train.py
    deps:
    - path: dataset
      hash: md5
      md5: 1542ed909dbc901432902528da7514af.dir
      size: 126447410
      nfiles: 907
    - path: train.py
      hash: md5
      md5: 7bc6ca950f1072460f4b37fdb1e3b147
      size: 2869
    params:
      params.yaml:
        epochs: 5
        lr: 0.001
    outs:
    - path: best_model.pth
      hash: md5
      md5: f77e65512f51c77c249de36ab6df8dc7
      size: 44796235
    - path: metrics.json
      hash: md5
      md5: 66da5f5307e3f324afd0604aafe4e049
      size: 37
