schema: '2.0'
stages:
  train:
    cmd: python train.py
    deps:
    - path: dataset
      hash: md5
      md5: 1542ed909dbc901432902528da7514af.dir
      size: 126447410
      nfiles: 907
    - path: train.py
      hash: md5
      md5: 8a115bd8563e69ffebb3d568fcb4e6ab
      size: 4687
    params:
      params.yaml:
        epochs: 7
        lr: 0.0001
    outs:
    - path: best_model.pth
      hash: md5
      md5: 90b02f30769c9155d3dcce395a3cd70c
      size: 44796235
    - path: metrics.json
      hash: md5
      md5: 9f986a459b71abbc6db03e1292844a88
      size: 36
